
Microsoft Visual Studio Solution File, Format Version 12.00
# Visual Studio Version 17
VisualStudioVersion = 17.5.002.0
MinimumVisualStudioVersion = 10.0.40219.1
Project("{9A19103F-16F7-4668-BE54-9A1E7A4F7556}") = "StopwatchApp_E", "StopwatchApp_E.csproj", "{8D465037-8686-4F12-B874-02B4459FD461}"
EndProject
Global
	GlobalSection(SolutionConfigurationPlatforms) = preSolution
		Debug|Any CPU = Debug|Any CPU
		Release|Any CPU = Release|Any CPU
	EndGlobalSection
	GlobalSection(ProjectConfigurationPlatforms) = postSolution
		{8D465037-8686-4F12-B874-02B4459FD461}.Debug|Any CPU.ActiveCfg = Debug|Any CPU
		{8D465037-8686-4F12-B874-02B4459FD461}.Debug|Any CPU.Build.0 = Debug|Any CPU
		{8D465037-8686-4F12-B874-02B4459FD461}.Release|Any CPU.ActiveCfg = Release|Any CPU
		{8D465037-8686-4F12-B874-02B4459FD461}.Release|Any CPU.Build.0 = Release|Any CPU
	EndGlobalSection
	GlobalSection(SolutionProperties) = preSolution
		HideSolutionNode = FALSE
	EndGlobalSection
	GlobalSection(ExtensibilityGlobals) = postSolution
		SolutionGuid = {D8D7FDB6-03FC-48F1-9D60-89513741D511}
	EndGlobalSection
EndGlobal
